// !$*UTF8*$!
{
	archiveVersion = 1;
	classes = {
	};
	objectVersion = 77;
	objects = {

/* Begin PBXBuildFile section */
		E846E6CE2D5B825E005C9EF5 /* RealmSwift in Frameworks */ = {isa = PBXBuildFile; productRef = E846E6CD2D5B825E005C9EF5 /* RealmSwift */; };
		E846E6F92D5BAFE3005C9EF5 /* RealmSwift in Embed Frameworks */ = {isa = PBXBuildFile; productRef = E846E6CD2D5B825E005C9EF5 /* RealmSwift */; settings = {ATTRIBUTES = (CodeSignOnCopy, ); }; };
/* End PBXBuildFile section */

/* Begin PBXContainerItemProxy section */
		E846E6A12D59EFB9005C9EF5 /* PBXContainerItemProxy */ = {
			isa = PBXContainerItemProxy;
			containerPortal = E846E6882D59EFB7005C9EF5 /* Project object */;
			proxyType = 1;
			remoteGlobalIDString = E846E68F2D59EFB7005C9EF5;
			remoteInfo = "Sample-SwiftUI-MVVM+CLA";
		};
		E846E6AB2D59EFB9005C9EF5 /* PBXContainerItemProxy */ = {
			isa = PBXContainerItemProxy;
			containerPortal = E846E6882D59EFB7005C9EF5 /* Project object */;
			proxyType = 1;
			remoteGlobalIDString = E846E68F2D59EFB7005C9EF5;
			remoteInfo = "Sample-SwiftUI-MVVM+CLA";
		};
/* End PBXContainerItemProxy section */

/* Begin PBXCopyFilesBuildPhase section */
		E846E6F62D5BAF12005C9EF5 /* Embed Frameworks */ = {
			isa = PBXCopyFilesBuildPhase;
			buildActionMask = 2147483647;
			dstPath = "";
			dstSubfolderSpec = 10;
			files = (
				E846E6F92D5BAFE3005C9EF5 /* RealmSwift in Embed Frameworks */,
			);
			name = "Embed Frameworks";
			runOnlyForDeploymentPostprocessing = 0;
		};
/* End PBXCopyFilesBuildPhase section */

/* Begin PBXFileReference section */
		E846E6902D59EFB7005C9EF5 /* Sample-SwiftUI-MVVM+CLA.app */ = {isa = PBXFileReference; explicitFileType = wrapper.application; includeInIndex = 0; path = "Sample-SwiftUI-MVVM+CLA.app"; sourceTree = BUILT_PRODUCTS_DIR; };
		E846E6A02D59EFB9005C9EF5 /* Sample-SwiftUI-MVVM+CLATests.xctest */ = {isa = PBXFileReference; explicitFileType = wrapper.cfbundle; includeInIndex = 0; path = "Sample-SwiftUI-MVVM+CLATests.xctest"; sourceTree = BUILT_PRODUCTS_DIR; };
		E846E6AA2D59EFB9005C9EF5 /* Sample-SwiftUI-MVVM+CLAUITests.xctest */ = {isa = PBXFileReference; explicitFileType = wrapper.cfbundle; includeInIndex = 0; path = "Sample-SwiftUI-MVVM+CLAUITests.xctest"; sourceTree = BUILT_PRODUCTS_DIR; };
/* End PBXFileReference section */

/* Begin PBXFileSystemSynchronizedRootGroup section */
		E846E6922D59EFB7005C9EF5 /* Sample-SwiftUI-MVVM+CLA */ = {
			isa = PBXFileSystemSynchronizedRootGroup;
			path = "Sample-SwiftUI-MVVM+CLA";
			sourceTree = "<group>";
		};
		E846E6A32D59EFB9005C9EF5 /* Sample-SwiftUI-MVVM+CLATests */ = {
			isa = PBXFileSystemSynchronizedRootGroup;
			path = "Sample-SwiftUI-MVVM+CLATests";
			sourceTree = "<group>";
		};
		E846E6AD2D59EFB9005C9EF5 /* Sample-SwiftUI-MVVM+CLAUITests */ = {
			isa = PBXFileSystemSynchronizedRootGroup;
			path = "Sample-SwiftUI-MVVM+CLAUITests";
			sourceTree = "<group>";
		};
/* End PBXFileSystemSynchronizedRootGroup section */

/* Begin PBXFrameworksBuildPhase section */
		E846E68D2D59EFB7005C9EF5 /* Frameworks */ = {
			isa = PBXFrameworksBuildPhase;
			buildActionMask = 2147483647;
			files = (
				E846E6CE2D5B825E005C9EF5 /* RealmSwift in Frameworks */,
			);
			runOnlyForDeploymentPostprocessing = 0;
		};
		E846E69D2D59EFB9005C9EF5 /* Frameworks */ = {
			isa = PBXFrameworksBuildPhase;
			buildActionMask = 2147483647;
			files = (
			);
			runOnlyForDeploymentPostprocessing = 0;
		};
		E846E6A72D59EFB9005C9EF5 /* Frameworks */ = {
			isa = PBXFrameworksBuildPhase;
			buildActionMask = 2147483647;
			files = (
			);
			runOnlyForDeploymentPostprocessing = 0;
		};
/* End PBXFrameworksBuildPhase section */

/* Begin PBXGroup section */
		E846E6872D59EFB7005C9EF5 = {
			isa = PBXGroup;
			children = (
				E846E6922D59EFB7005C9EF5 /* Sample-SwiftUI-MVVM+CLA */,
				E846E6A32D59EFB9005C9EF5 /* Sample-SwiftUI-MVVM+CLATests */,
				E846E6AD2D59EFB9005C9EF5 /* Sample-SwiftUI-MVVM+CLAUITests */,
				E846E6912D59EFB7005C9EF5 /* Products */,
			);
			sourceTree = "<group>";
		};
		E846E6912D59EFB7005C9EF5 /* Products */ = {
			isa = PBXGroup;
			children = (
				E846E6902D59EFB7005C9EF5 /* Sample-SwiftUI-MVVM+CLA.app */,
				E846E6A02D59EFB9005C9EF5 /* Sample-SwiftUI-MVVM+CLATests.xctest */,
				E846E6AA2D59EFB9005C9EF5 /* Sample-SwiftUI-MVVM+CLAUITests.xctest */,
			);
			name = Products;
			sourceTree = "<group>";
		};
/* End PBXGroup section */

/* Begin PBXNativeTarget section */
		E846E68F2D59EFB7005C9EF5 /* Sample-SwiftUI-MVVM+CLA */ = {
			isa = PBXNativeTarget;
			buildConfigurationList = E846E6B42D59EFB9005C9EF5 /* Build configuration list for PBXNativeTarget "Sample-SwiftUI-MVVM+CLA" */;
			buildPhases = (
				E846E68C2D59EFB7005C9EF5 /* Sources */,
				E846E68D2D59EFB7005C9EF5 /* Frameworks */,
				E846E68E2D59EFB7005C9EF5 /* Resources */,
				E846E6F62D5BAF12005C9EF5 /* Embed Frameworks */,
			);
			buildRules = (
			);
			dependencies = (
			);
			fileSystemSynchronizedGroups = (
				E846E6922D59EFB7005C9EF5 /* Sample-SwiftUI-MVVM+CLA */,
			);
			name = "Sample-SwiftUI-MVVM+CLA";
			packageProductDependencies = (
				E846E6CD2D5B825E005C9EF5 /* RealmSwift */,
			);
			productName = "Sample-SwiftUI-MVVM+CLA";
			productReference = E846E6902D59EFB7005C9EF5 /* Sample-SwiftUI-MVVM+CLA.app */;
			productType = "com.apple.product-type.application";
		};
		E846E69F2D59EFB9005C9EF5 /* Sample-SwiftUI-MVVM+CLATests */ = {
			isa = PBXNativeTarget;
			buildConfigurationList = E846E6B72D59EFB9005C9EF5 /* Build configuration list for PBXNativeTarget "Sample-SwiftUI-MVVM+CLATests" */;
			buildPhases = (
				E846E69C2D59EFB9005C9EF5 /* Sources */,
				E846E69D2D59EFB9005C9EF5 /* Frameworks */,
				E846E69E2D59EFB9005C9EF5 /* Resources */,
			);
			buildRules = (
			);
			dependencies = (
				E846E6A22D59EFB9005C9EF5 /* PBXTargetDependency */,
			);
			fileSystemSynchronizedGroups = (
				E846E6A32D59EFB9005C9EF5 /* Sample-SwiftUI-MVVM+CLATests */,
			);
			name = "Sample-SwiftUI-MVVM+CLATests";
			packageProductDependencies = (
			);
			productName = "Sample-SwiftUI-MVVM+CLATests";
			productReference = E846E6A02D59EFB9005C9EF5 /* Sample-SwiftUI-MVVM+CLATests.xctest */;
			productType = "com.apple.product-type.bundle.unit-test";
		};
		E846E6A92D59EFB9005C9EF5 /* Sample-SwiftUI-MVVM+CLAUITests */ = {
			isa = PBXNativeTarget;
			buildConfigurationList = E846E6BA2D59EFB9005C9EF5 /* Build configuration list for PBXNativeTarget "Sample-SwiftUI-MVVM+CLAUITests" */;
			buildPhases = (
				E846E6A62D59EFB9005C9EF5 /* Sources */,
				E846E6A72D59EFB9005C9EF5 /* Frameworks */,
				E846E6A82D59EFB9005C9EF5 /* Resources */,
			);
			buildRules = (
			);
			dependencies = (
				E846E6AC2D59EFB9005C9EF5 /* PBXTargetDependency */,
			);
			fileSystemSynchronizedGroups = (
				E846E6AD2D59EFB9005C9EF5 /* Sample-SwiftUI-MVVM+CLAUITests */,
			);
			name = "Sample-SwiftUI-MVVM+CLAUITests";
			packageProductDependencies = (
			);
			productName = "Sample-SwiftUI-MVVM+CLAUITests";
			productReference = E846E6AA2D59EFB9005C9EF5 /* Sample-SwiftUI-MVVM+CLAUITests.xctest */;
			productType = "com.apple.product-type.bundle.ui-testing";
		};
/* End PBXNativeTarget section */

/* Begin PBXProject section */
		E846E6882D59EFB7005C9EF5 /* Project object */ = {
			isa = PBXProject;
			attributes = {
				BuildIndependentTargetsInParallel = 1;
				LastSwiftUpdateCheck = 1610;
				LastUpgradeCheck = 1610;
				TargetAttributes = {
					E846E68F2D59EFB7005C9EF5 = {
						CreatedOnToolsVersion = 16.1;
					};
					E846E69F2D59EFB9005C9EF5 = {
						CreatedOnToolsVersion = 16.1;
						TestTargetID = E846E68F2D59EFB7005C9EF5;
					};
					E846E6A92D59EFB9005C9EF5 = {
						CreatedOnToolsVersion = 16.1;
						TestTargetID = E846E68F2D59EFB7005C9EF5;
					};
				};
			};
			buildConfigurationList = E846E68B2D59EFB7005C9EF5 /* Build configuration list for PBXProject "Sample-SwiftUI-MVVM+CLA" */;
			developmentRegion = en;
			hasScannedForEncodings = 0;
			knownRegions = (
				en,
				Base,
			);
			mainGroup = E846E6872D59EFB7005C9EF5;
			minimizedProjectReferenceProxies = 1;
			packageReferences = (
				E846E6CA2D5B8177005C9EF5 /* XCRemoteSwiftPackageReference "realm-swift" */,
			);
			preferredProjectObjectVersion = 77;
			productRefGroup = E846E6912D59EFB7005C9EF5 /* Products */;
			projectDirPath = "";
			projectRoot = "";
			targets = (
				E846E68F2D59EFB7005C9EF5 /* Sample-SwiftUI-MVVM+CLA */,
				E846E69F2D59EFB9005C9EF5 /* Sample-SwiftUI-MVVM+CLATests */,
				E846E6A92D59EFB9005C9EF5 /* Sample-SwiftUI-MVVM+CLAUITests */,
			);
		};
/* End PBXProject section */

/* Begin PBXResourcesBuildPhase section */
		E846E68E2D59EFB7005C9EF5 /* Resources */ = {
			isa = PBXResourcesBuildPhase;
			buildActionMask = 2147483647;
			files = (
			);
			runOnlyForDeploymentPostprocessing = 0;
		};
		E846E69E2D59EFB9005C9EF5 /* Resources */ = {
			isa = PBXResourcesBuildPhase;
			buildActionMask = 2147483647;
			files = (
			);
			runOnlyForDeploymentPostprocessing = 0;
		};
		E846E6A82D59EFB9005C9EF5 /* Resources */ = {
			isa = PBXResourcesBuildPhase;
			buildActionMask = 2147483647;
			files = (
			);
			runOnlyForDeploymentPostprocessing = 0;
		};
/* End PBXResourcesBuildPhase section */

/* Begin PBXSourcesBuildPhase section */
		E846E68C2D59EFB7005C9EF5 /* Sources */ = {
			isa = PBXSourcesBuildPhase;
			buildActionMask = 2147483647;
			files = (
			);
			runOnlyForDeploymentPostprocessing = 0;
		};
		E846E69C2D59EFB9005C9EF5 /* Sources */ = {
			isa = PBXSourcesBuildPhase;
			buildActionMask = 2147483647;
			files = (
			);
			runOnlyForDeploymentPostprocessing = 0;
		};
		E846E6A62D59EFB9005C9EF5 /* Sources */ = {
			isa = PBXSourcesBuildPhase;
			buildActionMask = 2147483647;
			files = (
			);
			runOnlyForDeploymentPostprocessing = 0;
		};
/* End PBXSourcesBuildPhase section */

/* Begin PBXTargetDependency section */
		E846E6A22D59EFB9005C9EF5 /* PBXTargetDependency */ = {
			isa = PBXTargetDependency;
			target = E846E68F2D59EFB7005C9EF5 /* Sample-SwiftUI-MVVM+CLA */;
			targetProxy = E846E6A12D59EFB9005C9EF5 /* PBXContainerItemProxy */;
		};
		E846E6AC2D59EFB9005C9EF5 /* PBXTargetDependency */ = {
			isa = PBXTargetDependency;
			target = E846E68F2D59EFB7005C9EF5 /* Sample-SwiftUI-MVVM+CLA */;
			targetProxy = E846E6AB2D59EFB9005C9EF5 /* PBXContainerItemProxy */;
		};
/* End PBXTargetDependency section */

/* Begin XCBuildConfiguration section */
		E846E6B22D59EFB9005C9EF5 /* Debug */ = {
			isa = XCBuildConfiguration;
			buildSettings = {
				ALWAYS_SEARCH_USER_PATHS = NO;
				ASSETCATALOG_COMPILER_GENERATE_SWIFT_ASSET_SYMBOL_EXTENSIONS = YES;
				CLANG_ANALYZER_NONNULL = YES;
				CLANG_ANALYZER_NUMBER_OBJECT_CONVERSION = YES_AGGRESSIVE;
				CLANG_CXX_LANGUAGE_STANDARD = "gnu++20";
				CLANG_ENABLE_MODULES = YES;
				CLANG_ENABLE_OBJC_ARC = YES;
				CLANG_ENABLE_OBJC_WEAK = YES;
				CLANG_WARN_BLOCK_CAPTURE_AUTORELEASING = YES;
				CLANG_WARN_BOOL_CONVERSION = YES;
				CLANG_WARN_COMMA = YES;
				CLANG_WARN_CONSTANT_CONVERSION = YES;
				CLANG_WARN_DEPRECATED_OBJC_IMPLEMENTATIONS = YES;
				CLANG_WARN_DIRECT_OBJC_ISA_USAGE = YES_ERROR;
				CLANG_WARN_DOCUMENTATION_COMMENTS = YES;
				CLANG_WARN_EMPTY_BODY = YES;
				CLANG_WARN_ENUM_CONVERSION = YES;
				CLANG_WARN_INFINITE_RECURSION = YES;
				CLANG_WARN_INT_CONVERSION = YES;
				CLANG_WARN_NON_LITERAL_NULL_CONVERSION = YES;
				CLANG_WARN_OBJC_IMPLICIT_RETAIN_SELF = YES;
				CLANG_WARN_OBJC_LITERAL_CONVERSION = YES;
				CLANG_WARN_OBJC_ROOT_CLASS = YES_ERROR;
				CLANG_WARN_QUOTED_INCLUDE_IN_FRAMEWORK_HEADER = YES;
				CLANG_WARN_RANGE_LOOP_ANALYSIS = YES;
				CLANG_WARN_STRICT_PROTOTYPES = YES;
				CLANG_WARN_SUSPICIOUS_MOVE = YES;
				CLANG_WARN_UNGUARDED_AVAILABILITY = YES_AGGRESSIVE;
				CLANG_WARN_UNREACHABLE_CODE = YES;
				CLANG_WARN__DUPLICATE_METHOD_MATCH = YES;
				COPY_PHASE_STRIP = NO;
				DEBUG_INFORMATION_FORMAT = dwarf;
				ENABLE_STRICT_OBJC_MSGSEND = YES;
				ENABLE_TESTABILITY = YES;
				ENABLE_USER_SCRIPT_SANDBOXING = YES;
				GCC_C_LANGUAGE_STANDARD = gnu17;
				GCC_DYNAMIC_NO_PIC = NO;
				GCC_NO_COMMON_BLOCKS = YES;
				GCC_OPTIMIZATION_LEVEL = 0;
				GCC_PREPROCESSOR_DEFINITIONS = (
					"DEBUG=1",
					"$(inherited)",
				);
				GCC_WARN_64_TO_32_BIT_CONVERSION = YES;
				GCC_WARN_ABOUT_RETURN_TYPE = YES_ERROR;
				GCC_WARN_UNDECLARED_SELECTOR = YES;
				GCC_WARN_UNINITIALIZED_AUTOS = YES_AGGRESSIVE;
				GCC_WARN_UNUSED_FUNCTION = YES;
				GCC_WARN_UNUSED_VARIABLE = YES;
				IPHONEOS_DEPLOYMENT_TARGET = 18.1;
				LOCALIZATION_PREFERS_STRING_CATALOGS = YES;
				MTL_ENABLE_DEBUG_INFO = INCLUDE_SOURCE;
				MTL_FAST_MATH = YES;
				ONLY_ACTIVE_ARCH = YES;
				SDKROOT = iphoneos;
				SWIFT_ACTIVE_COMPILATION_CONDITIONS = "DEBUG $(inherited)";
				SWIFT_OPTIMIZATION_LEVEL = "-Onone";
			};
			name = Debug;
		};
		E846E6B32D59EFB9005C9EF5 /* Release */ = {
			isa = XCBuildConfiguration;
			buildSettings = {
				ALWAYS_SEARCH_USER_PATHS = NO;
				ASSETCATALOG_COMPILER_GENERATE_SWIFT_ASSET_SYMBOL_EXTENSIONS = YES;
				CLANG_ANALYZER_NONNULL = YES;
				CLANG_ANALYZER_NUMBER_OBJECT_CONVERSION = YES_AGGRESSIVE;
				CLANG_CXX_LANGUAGE_STANDARD = "gnu++20";
				CLANG_ENABLE_MODULES = YES;
				CLANG_ENABLE_OBJC_ARC = YES;
				CLANG_ENABLE_OBJC_WEAK = YES;
				CLANG_WARN_BLOCK_CAPTURE_AUTORELEASING = YES;
				CLANG_WARN_BOOL_CONVERSION = YES;
				CLANG_WARN_COMMA = YES;
				CLANG_WARN_CONSTANT_CONVERSION = YES;
				CLANG_WARN_DEPRECATED_OBJC_IMPLEMENTATIONS = YES;
				CLANG_WARN_DIRECT_OBJC_ISA_USAGE = YES_ERROR;
				CLANG_WARN_DOCUMENTATION_COMMENTS = YES;
				CLANG_WARN_EMPTY_BODY = YES;
				CLANG_WARN_ENUM_CONVERSION = YES;
				CLANG_WARN_INFINITE_RECURSION = YES;
				CLANG_WARN_INT_CONVERSION = YES;
				CLANG_WARN_NON_LITERAL_NULL_CONVERSION = YES;
				CLANG_WARN_OBJC_IMPLICIT_RETAIN_SELF = YES;
				CLANG_WARN_OBJC_LITERAL_CONVERSION = YES;
				CLANG_WARN_OBJC_ROOT_CLASS = YES_ERROR;
				CLANG_WARN_QUOTED_INCLUDE_IN_FRAMEWORK_HEADER = YES;
				CLANG_WARN_RANGE_LOOP_ANALYSIS = YES;
				CLANG_WARN_STRICT_PROTOTYPES = YES;
				CLANG_WARN_SUSPICIOUS_MOVE = YES;
				CLANG_WARN_UNGUARDED_AVAILABILITY = YES_AGGRESSIVE;
				CLANG_WARN_UNREACHABLE_CODE = YES;
				CLANG_WARN__DUPLICATE_METHOD_MATCH = YES;
				COPY_PHASE_STRIP = NO;
				DEBUG_INFORMATION_FORMAT = "dwarf-with-dsym";
				ENABLE_NS_ASSERTIONS = NO;
				ENABLE_STRICT_OBJC_MSGSEND = YES;
				ENABLE_USER_SCRIPT_SANDBOXING = YES;
				GCC_C_LANGUAGE_STANDARD = gnu17;
				GCC_NO_COMMON_BLOCKS = YES;
				GCC_WARN_64_TO_32_BIT_CONVERSION = YES;
				GCC_WARN_ABOUT_RETURN_TYPE = YES_ERROR;
				GCC_WARN_UNDECLARED_SELECTOR = YES;
				GCC_WARN_UNINITIALIZED_AUTOS = YES_AGGRESSIVE;
				GCC_WARN_UNUSED_FUNCTION = YES;
				GCC_WARN_UNUSED_VARIABLE = YES;
				IPHONEOS_DEPLOYMENT_TARGET = 18.1;
				LOCALIZATION_PREFERS_STRING_CATALOGS = YES;
				MTL_ENABLE_DEBUG_INFO = NO;
				MTL_FAST_MATH = YES;
				SDKROOT = iphoneos;
				SWIFT_COMPILATION_MODE = wholemodule;
				VALIDATE_PRODUCT = YES;
			};
			name = Release;
		};
		E846E6B52D59EFB9005C9EF5 /* Debug */ = {
			isa = XCBuildConfiguration;
			buildSettings = {
				ASSETCATALOG_COMPILER_APPICON_NAME = AppIcon;
				ASSETCATALOG_COMPILER_GLOBAL_ACCENT_COLOR_NAME = AccentColor;
				CODE_SIGN_STYLE = Automatic;
				CURRENT_PROJECT_VERSION = 1;
				DEVELOPMENT_ASSET_PATHS = "\"Sample-SwiftUI-MVVM+CLA/Preview Content\"";
				DEVELOPMENT_TEAM = R2TYG6VD96;
				ENABLE_PREVIEWS = YES;
				GENERATE_INFOPLIST_FILE = YES;
				INFOPLIST_KEY_UIApplicationSceneManifest_Generation = YES;
				INFOPLIST_KEY_UIApplicationSupportsIndirectInputEvents = YES;
				INFOPLIST_KEY_UILaunchScreen_Generation = YES;
				INFOPLIST_KEY_UISupportedInterfaceOrientations_iPad = "UIInterfaceOrientationPortrait UIInterfaceOrientationPortraitUpsideDown UIInterfaceOrientationLandscapeLeft UIInterfaceOrientationLandscapeRight";
				INFOPLIST_KEY_UISupportedInterfaceOrientations_iPhone = "UIInterfaceOrientationPortrait UIInterfaceOrientationLandscapeLeft UIInterfaceOrientationLandscapeRight";
				LD_RUNPATH_SEARCH_PATHS = (
					"$(inherited)",
					"@executable_path/Frameworks",
				);
				MARKETING_VERSION = 1.0;
				PRODUCT_BUNDLE_IDENTIFIER = "sample.Sample-SwiftUI-MVVM-CLA";
				PRODUCT_NAME = "$(TARGET_NAME)";
				SWIFT_EMIT_LOC_STRINGS = YES;
				SWIFT_VERSION = 5.0;
				TARGETED_DEVICE_FAMILY = "1,2";
			};
			name = Debug;
		};
		E846E6B62D59EFB9005C9EF5 /* Release */ = {
			isa = XCBuildConfiguration;
			buildSettings = {
				ASSETCATALOG_COMPILER_APPICON_NAME = AppIcon;
				ASSETCATALOG_COMPILER_GLOBAL_ACCENT_COLOR_NAME = AccentColor;
				CODE_SIGN_STYLE = Automatic;
				CURRENT_PROJECT_VERSION = 1;
				DEVELOPMENT_ASSET_PATHS = "\"Sample-SwiftUI-MVVM+CLA/Preview Content\"";
				DEVELOPMENT_TEAM = R2TYG6VD96;
				ENABLE_PREVIEWS = YES;
				GENERATE_INFOPLIST_FILE = YES;
				INFOPLIST_KEY_UIApplicationSceneManifest_Generation = YES;
				INFOPLIST_KEY_UIApplicationSupportsIndirectInputEvents = YES;
				INFOPLIST_KEY_UILaunchScreen_Generation = YES;
				INFOPLIST_KEY_UISupportedInterfaceOrientations_iPad = "UIInterfaceOrientationPortrait UIInterfaceOrientationPortraitUpsideDown UIInterfaceOrientationLandscapeLeft UIInterfaceOrientationLandscapeRight";
				INFOPLIST_KEY_UISupportedInterfaceOrientations_iPhone = "UIInterfaceOrientationPortrait UIInterfaceOrientationLandscapeLeft UIInterfaceOrientationLandscapeRight";
				LD_RUNPATH_SEARCH_PATHS = (
					"$(inherited)",
					"@executable_path/Frameworks",
				);
				MARKETING_VERSION = 1.0;
				PRODUCT_BUNDLE_IDENTIFIER = "sample.Sample-SwiftUI-MVVM-CLA";
				PRODUCT_NAME = "$(TARGET_NAME)";
				SWIFT_EMIT_LOC_STRINGS = YES;
				SWIFT_VERSION = 5.0;
				TARGETED_DEVICE_FAMILY = "1,2";
			};
			name = Release;
		};
		E846E6B82D59EFB9005C9EF5 /* Debug */ = {
			isa = XCBuildConfiguration;
			buildSettings = {
				BUNDLE_LOADER = "$(TEST_HOST)";
				CODE_SIGN_STYLE = Automatic;
				CURRENT_PROJECT_VERSION = 1;
				DEVELOPMENT_TEAM = R2TYG6VD96;
				GENERATE_INFOPLIST_FILE = YES;
				IPHONEOS_DEPLOYMENT_TARGET = 18.1;
				MARKETING_VERSION = 1.0;
				PRODUCT_BUNDLE_IDENTIFIER = "sample.Sample-SwiftUI-MVVM-CLATests";
				PRODUCT_NAME = "$(TARGET_NAME)";
				SWIFT_EMIT_LOC_STRINGS = NO;
				SWIFT_VERSION = 5.0;
				TARGETED_DEVICE_FAMILY = "1,2";
				TEST_HOST = "$(BUILT_PRODUCTS_DIR)/Sample-SwiftUI-MVVM+CLA.app/$(BUNDLE_EXECUTABLE_FOLDER_PATH)/Sample-SwiftUI-MVVM+CLA";
			};
			name = Debug;
		};
		E846E6B92D59EFB9005C9EF5 /* Release */ = {
			isa = XCBuildConfiguration;
			buildSettings = {
				BUNDLE_LOADER = "$(TEST_HOST)";
				CODE_SIGN_STYLE = Automatic;
				CURRENT_PROJECT_VERSION = 1;
				DEVELOPMENT_TEAM = R2TYG6VD96;
				GENERATE_INFOPLIST_FILE = YES;
				IPHONEOS_DEPLOYMENT_TARGET = 18.1;
				MARKETING_VERSION = 1.0;
				PRODUCT_BUNDLE_IDENTIFIER = "sample.Sample-SwiftUI-MVVM-CLATests";
				PRODUCT_NAME = "$(TARGET_NAME)";
				SWIFT_EMIT_LOC_STRINGS = NO;
				SWIFT_VERSION = 5.0;
				TARGETED_DEVICE_FAMILY = "1,2";
				TEST_HOST = "$(BUILT_PRODUCTS_DIR)/Sample-SwiftUI-MVVM+CLA.app/$(BUNDLE_EXECUTABLE_FOLDER_PATH)/Sample-SwiftUI-MVVM+CLA";
			};
			name = Release;
		};
		E846E6BB2D59EFB9005C9EF5 /* Debug */ = {
			isa = XCBuildConfiguration;
			buildSettings = {
				CODE_SIGN_STYLE = Automatic;
				CURRENT_PROJECT_VERSION = 1;
				DEVELOPMENT_TEAM = R2TYG6VD96;
				GENERATE_INFOPLIST_FILE = YES;
				MARKETING_VERSION = 1.0;
				PRODUCT_BUNDLE_IDENTIFIER = "sample.Sample-SwiftUI-MVVM-CLAUITests";
				PRODUCT_NAME = "$(TARGET_NAME)";
				SWIFT_EMIT_LOC_STRINGS = NO;
				SWIFT_VERSION = 5.0;
				TARGETED_DEVICE_FAMILY = "1,2";
				TEST_TARGET_NAME = "Sample-SwiftUI-MVVM+CLA";
			};
			name = Debug;
		};
		E846E6BC2D59EFB9005C9EF5 /* Release */ = {
			isa = XCBuildConfiguration;
			buildSettings = {
				CODE_SIGN_STYLE = Automatic;
				CURRENT_PROJECT_VERSION = 1;
				DEVELOPMENT_TEAM = R2TYG6VD96;
				GENERATE_INFOPLIST_FILE = YES;
				MARKETING_VERSION = 1.0;
				PRODUCT_BUNDLE_IDENTIFIER = "sample.Sample-SwiftUI-MVVM-CLAUITests";
				PRODUCT_NAME = "$(TARGET_NAME)";
				SWIFT_EMIT_LOC_STRINGS = NO;
				SWIFT_VERSION = 5.0;
				TARGETED_DEVICE_FAMILY = "1,2";
				TEST_TARGET_NAME = "Sample-SwiftUI-MVVM+CLA";
			};
			name = Release;
		};
/* End XCBuildConfiguration section */

/* Begin XCConfigurationList section */
		E846E68B2D59EFB7005C9EF5 /* Build configuration list for PBXProject "Sample-SwiftUI-MVVM+CLA" */ = {
			isa = XCConfigurationList;
			buildConfigurations = (
				E846E6B22D59EFB9005C9EF5 /* Debug */,
				E846E6B32D59EFB9005C9EF5 /* Release */,
			);
			defaultConfigurationIsVisible = 0;
			defaultConfigurationName = Release;
		};
		E846E6B42D59EFB9005C9EF5 /* Build configuration list for PBXNativeTarget "Sample-SwiftUI-MVVM+CLA" */ = {
			isa = XCConfigurationList;
			buildConfigurations = (
				E846E6B52D59EFB9005C9EF5 /* Debug */,
				E846E6B62D59EFB9005C9EF5 /* Release */,
			);
			defaultConfigurationIsVisible = 0;
			defaultConfigurationName = Release;
		};
		E846E6B72D59EFB9005C9EF5 /* Build configuration list for PBXNativeTarget "Sample-SwiftUI-MVVM+CLATests" */ = {
			isa = XCConfigurationList;
			buildConfigurations = (
				E846E6B82D59EFB9005C9EF5 /* Debug */,
				E846E6B92D59EFB9005C9EF5 /* Release */,
			);
			defaultConfigurationIsVisible = 0;
			defaultConfigurationName = Release;
		};
		E846E6BA2D59EFB9005C9EF5 /* Build configuration list for PBXNativeTarget "Sample-SwiftUI-MVVM+CLAUITests" */ = {
			isa = XCConfigurationList;
			buildConfigurations = (
				E846E6BB2D59EFB9005C9EF5 /* Debug */,
				E846E6BC2D59EFB9005C9EF5 /* Release */,
			);
			defaultConfigurationIsVisible = 0;
			defaultConfigurationName = Release;
		};
/* End XCConfigurationList section */

/* Begin XCRemoteSwiftPackageReference section */
		E846E6CA2D5B8177005C9EF5 /* XCRemoteSwiftPackageReference "realm-swift" */ = {
			isa = XCRemoteSwiftPackageReference;
			repositoryURL = "https://github.com/realm/realm-swift";
			requirement = {
				branch = master;
				kind = branch;
			};
		};
/* End XCRemoteSwiftPackageReference section */

/* Begin XCSwiftPackageProductDependency section */
		E846E6CD2D5B825E005C9EF5 /* RealmSwift */ = {
			isa = XCSwiftPackageProductDependency;
			package = E846E6CA2D5B8177005C9EF5 /* XCRemoteSwiftPackageReference "realm-swift" */;
			productName = RealmSwift;
		};
/* End XCSwiftPackageProductDependency section */
	};
	rootObject = E846E6882D59EFB7005C9EF5 /* Project object */;
}
